<?xml version="1.0" encoding="utf-8"?>
<Project ToolsVersion="4.0" xmlns="http://schemas.microsoft.com/developer/msbuild/2003">
  <ItemGroup>
    <Filter Include="incoG">
      <UniqueIdentifier>{7512A90F-E126-D1C0-AAA8-7420167CCDF1}</UniqueIdentifier>
    </Filter>
    <Filter Include="incoG\Events">
      <UniqueIdentifier>{B9C80C1E-A52B-9CC2-4EB1-D4783AF36745}</UniqueIdentifier>
    </Filter>
  </ItemGroup>
  <ItemGroup>
    <ClInclude Include="src\igpch.h" />
    <ClInclude Include="src\incoG.h" />
    <ClInclude Include="src\incoG\Application.h">
      <Filter>incoG</Filter>
    </ClInclude>
    <ClInclude Include="src\incoG\Core.h">
      <Filter>incoG</Filter>
    </ClInclude>
    <ClInclude Include="src\incoG\EntryPoint.h">
      <Filter>incoG</Filter>
    </ClInclude>
    <ClInclude Include="src\incoG\Events\ApplicationEvent.h">
      <Filter>incoG\Events</Filter>
    </ClInclude>
    <ClInclude Include="src\incoG\Events\Event.h">
      <Filter>incoG\Events</Filter>
    </ClInclude>
    <ClInclude Include="src\incoG\Events\KeyEvent.h">
      <Filter>incoG\Events</Filter>
    </ClInclude>
    <ClInclude Include="src\incoG\Events\MouseEvent.h">
      <Filter>incoG\Events</Filter>
    </ClInclude>
    <ClInclude Include="src\incoG\Log.h">
      <Filter>incoG</Filter>
    </ClInclude>
  </ItemGroup>
  <ItemGroup>
    <ClCompile Include="src\igpch.cpp" />
    <ClCompile Include="src\incoG\Application.cpp">
      <Filter>incoG</Filter>
    </ClCompile>
    <ClCompile Include="src\incoG\Log.cpp">
      <Filter>incoG</Filter>
    </ClCompile>
  </ItemGroup>
</Project>